
Microsoft Visual Studio Solution File, Format Version 12.00
# Visual Studio Version 16
VisualStudioVersion = 16.0.29215.179
MinimumVisualStudioVersion = 10.0.40219.1
Project("{FAE04EC0-301F-11D3-BF4B-00C04F79EFBC}") = "HelloDevOps", "HelloDevOps\HelloDevOps.csproj", "{6BD146F6-308F-4E7E-92EE-1BB9899264B0}"
EndProject
Global
	GlobalSection(SolutionConfigurationPlatforms) = preSolution
		Debug|Any CPU = Debug|Any CPU
		Release|Any CPU = Release|Any CPU
	EndGlobalSection
	GlobalSection(ProjectConfigurationPlatforms) = postSolution
		{6BD146F6-308F-4E7E-92EE-1BB9899264B0}.Debug|Any CPU.ActiveCfg = Debug|Any CPU
		{6BD146F6-308F-4E7E-92EE-1BB9899264B0}.Debug|Any CPU.Build.0 = Debug|Any CPU
		{6BD146F6-308F-4E7E-92EE-1BB9899264B0}.Release|Any CPU.ActiveCfg = Release|Any CPU
		{6BD146F6-308F-4E7E-92EE-1BB9899264B0}.Release|Any CPU.Build.0 = Release|Any CPU
	EndGlobalSection
	GlobalSection(SolutionProperties) = preSolution
		HideSolutionNode = FALSE
	EndGlobalSection
	GlobalSection(ExtensibilityGlobals) = postSolution
		SolutionGuid = {E148F422-B766-4F1D-AF51-66C9F52750B4}
	EndGlobalSection
EndGlobal
